
Microsoft Visual Studio Solution File, Format Version 12.00
# Visual Studio Version 17
VisualStudioVersion = 17.14.36301.6 d17.14
MinimumVisualStudioVersion = 10.0.40219.1
Project("{FAE04EC0-301F-11D3-BF4B-00C04F79EFBC}") = "Internal_Booking_System", "Internal_Booking_System\Internal_Booking_System.csproj", "{A2034B9F-A3F6-4505-8A74-1B46F38BD6A7}"
EndProject
Global
	GlobalSection(SolutionConfigurationPlatforms) = preSolution
		Debug|Any CPU = Debug|Any CPU
		Release|Any CPU = Release|Any CPU
	EndGlobalSection
	GlobalSection(ProjectConfigurationPlatforms) = postSolution
		{A2034B9F-A3F6-4505-8A74-1B46F38BD6A7}.Debug|Any CPU.ActiveCfg = Debug|Any CPU
		{A2034B9F-A3F6-4505-8A74-1B46F38BD6A7}.Debug|Any CPU.Build.0 = Debug|Any CPU
		{A2034B9F-A3F6-4505-8A74-1B46F38BD6A7}.Release|Any CPU.ActiveCfg = Release|Any CPU
		{A2034B9F-A3F6-4505-8A74-1B46F38BD6A7}.Release|Any CPU.Build.0 = Release|Any CPU
	EndGlobalSection
	GlobalSection(SolutionProperties) = preSolution
		HideSolutionNode = FALSE
	EndGlobalSection
	GlobalSection(ExtensibilityGlobals) = postSolution
		SolutionGuid = {66736571-E6C0-4D2D-A75A-202073558E00}
	EndGlobalSection
EndGlobal
